
Microsoft Visual Studio Solution File, Format Version 11.00
# Visual Studio 2010
# SharpDevelop 5.1
Project("{FAE04EC0-301F-11D3-BF4B-00C04F79EFBC}") = "Aplikasi_Menghitung_Nilai_Mahasiswa", "Aplikasi_Menghitung_Nilai_Mahasiswa\Aplikasi_Menghitung_Nilai_Mahasiswa.csproj", "{5ACFB1CC-380E-4382-9EC6-67B434491611}"
EndProject
Global
	GlobalSection(SolutionConfigurationPlatforms) = preSolution
		Debug|Any CPU = Debug|Any CPU
		Release|Any CPU = Release|Any CPU
	EndGlobalSection
	GlobalSection(ProjectConfigurationPlatforms) = postSolution
		{5ACFB1CC-380E-4382-9EC6-67B434491611}.Debug|Any CPU.ActiveCfg = Debug|Any CPU
		{5ACFB1CC-380E-4382-9EC6-67B434491611}.Debug|Any CPU.Build.0 = Debug|Any CPU
		{5ACFB1CC-380E-4382-9EC6-67B434491611}.Release|Any CPU.ActiveCfg = Release|Any CPU
		{5ACFB1CC-380E-4382-9EC6-67B434491611}.Release|Any CPU.Build.0 = Release|Any CPU
	EndGlobalSection
EndGlobal
